
Microsoft Visual Studio Solution File, Format Version 12.00
# Visual Studio 15
VisualStudioVersion = 15.0.27703.2035
MinimumVisualStudioVersion = 10.0.40219.1
Project("{9A19103F-16F7-4668-BE54-9A1E7A4F7556}") = "RPS", "RPS\RPS.csproj", "{2BFFCF21-C2F6-47F8-BFC3-54724CB5CCEE}"
EndProject
Project("{9A19103F-16F7-4668-BE54-9A1E7A4F7556}") = "BluffDice", "BluffDice\BluffDice.csproj", "{F00F98BF-5919-4362-AD19-C2D2E6E44ADE}"
EndProject
Project("{9A19103F-16F7-4668-BE54-9A1E7A4F7556}") = "PushNotification", "PushNotification\PushNotification.csproj", "{FD6A67F4-9BD5-4348-A3AF-3E0E3D7E19EE}"
EndProject
Global
	GlobalSection(SolutionConfigurationPlatforms) = preSolution
		Debug|Any CPU = Debug|Any CPU
		Release|Any CPU = Release|Any CPU
	EndGlobalSection
	GlobalSection(ProjectConfigurationPlatforms) = postSolution
		{2BFFCF21-C2F6-47F8-BFC3-54724CB5CCEE}.Debug|Any CPU.ActiveCfg = Debug|Any CPU
		{2BFFCF21-C2F6-47F8-BFC3-54724CB5CCEE}.Debug|Any CPU.Build.0 = Debug|Any CPU
		{2BFFCF21-C2F6-47F8-BFC3-54724CB5CCEE}.Release|Any CPU.ActiveCfg = Release|Any CPU
		{2BFFCF21-C2F6-47F8-BFC3-54724CB5CCEE}.Release|Any CPU.Build.0 = Release|Any CPU
		{F00F98BF-5919-4362-AD19-C2D2E6E44ADE}.Debug|Any CPU.ActiveCfg = Debug|Any CPU
		{F00F98BF-5919-4362-AD19-C2D2E6E44ADE}.Debug|Any CPU.Build.0 = Debug|Any CPU
		{F00F98BF-5919-4362-AD19-C2D2E6E44ADE}.Release|Any CPU.ActiveCfg = Release|Any CPU
		{F00F98BF-5919-4362-AD19-C2D2E6E44ADE}.Release|Any CPU.Build.0 = Release|Any CPU
		{FD6A67F4-9BD5-4348-A3AF-3E0E3D7E19EE}.Debug|Any CPU.ActiveCfg = Debug|Any CPU
		{FD6A67F4-9BD5-4348-A3AF-3E0E3D7E19EE}.Debug|Any CPU.Build.0 = Debug|Any CPU
		{FD6A67F4-9BD5-4348-A3AF-3E0E3D7E19EE}.Release|Any CPU.ActiveCfg = Release|Any CPU
		{FD6A67F4-9BD5-4348-A3AF-3E0E3D7E19EE}.Release|Any CPU.Build.0 = Release|Any CPU
	EndGlobalSection
	GlobalSection(SolutionProperties) = preSolution
		HideSolutionNode = FALSE
	EndGlobalSection
	GlobalSection(ExtensibilityGlobals) = postSolution
		SolutionGuid = {868F0252-0FEA-4FC7-A88F-A97786887630}
	EndGlobalSection
EndGlobal
